PODS:
  - SDWebImage (4.3.3):
    - SDWebImage/Core (= 4.3.3)
  - SDWebImage/Core (4.3.3)

DEPENDENCIES:
  - SDWebImage

SPEC REPOS:
  https://github.com/CocoaPods/Specs.git:
    - SDWebImage

SPEC CHECKSUMS:
  SDWebImage: de4d90b5bff3571eae7bd16202b1f43135409fa5

PODFILE CHECKSUM: e62a1a21af2510a09030ea7b2da4e88ec25d42e5

COCOAPODS: 1.5.0
